
Microsoft Visual Studio Solution File, Format Version 12.00
Project("{FAE04EC0-301F-11D3-BF4B-00C04F79EFBC}") = "ThreadingExample", "ThreadingExample.csproj", "{599C6216-29BF-4491-9417-E346FAD946B3}"
EndProject
Global
	GlobalSection(SolutionConfigurationPlatforms) = preSolution
		Debug|Any CPU = Debug|Any CPU
		Release|Any CPU = Release|Any CPU
	EndGlobalSection
	GlobalSection(ProjectConfigurationPlatforms) = postSolution
		{599C6216-29BF-4491-9417-E346FAD946B3}.Debug|Any CPU.ActiveCfg = Debug|Any CPU
		{599C6216-29BF-4491-9417-E346FAD946B3}.Debug|Any CPU.Build.0 = Debug|Any CPU
		{599C6216-29BF-4491-9417-E346FAD946B3}.Release|Any CPU.ActiveCfg = Release|Any CPU
		{599C6216-29BF-4491-9417-E346FAD946B3}.Release|Any CPU.Build.0 = Release|Any CPU
	EndGlobalSection
EndGlobal
